
Microsoft Visual Studio Solution File, Format Version 12.00
# Visual Studio Version 17
VisualStudioVersion = 17.6.33829.357
MinimumVisualStudioVersion = 10.0.40219.1
Project("{FAE04EC0-301F-11D3-BF4B-00C04F79EFBC}") = "TestKeysightDAQ", "TestKeysightDAQ.csproj", "{9BFBCB45-0BBD-4AD0-8EB8-90FB543C60F3}"
EndProject
Global
	GlobalSection(SolutionConfigurationPlatforms) = preSolution
		Debug|Any CPU = Debug|Any CPU
		Release|Any CPU = Release|Any CPU
	EndGlobalSection
	GlobalSection(ProjectConfigurationPlatforms) = postSolution
		{9BFBCB45-0BBD-4AD0-8EB8-90FB543C60F3}.Debug|Any CPU.ActiveCfg = Debug|Any CPU
		{9BFBCB45-0BBD-4AD0-8EB8-90FB543C60F3}.Debug|Any CPU.Build.0 = Debug|Any CPU
		{9BFBCB45-0BBD-4AD0-8EB8-90FB543C60F3}.Release|Any CPU.ActiveCfg = Release|Any CPU
		{9BFBCB45-0BBD-4AD0-8EB8-90FB543C60F3}.Release|Any CPU.Build.0 = Release|Any CPU
	EndGlobalSection
	GlobalSection(SolutionProperties) = preSolution
		HideSolutionNode = FALSE
	EndGlobalSection
	GlobalSection(ExtensibilityGlobals) = postSolution
		SolutionGuid = {3AB5663D-BCC4-467F-81BA-7C912685FD3E}
	EndGlobalSection
EndGlobal
